// !$*UTF8*$!
{
	archiveVersion = 1;
	classes = {
	};
	objectVersion = 56;
	objects = {

/* Begin PBXBuildFile section */
		6C4476C32C484A0500C8FD5E /* EpisodesViewController.swift in Sources */ = {isa = PBXBuildFile; fileRef = 6C4476C22C484A0500C8FD5E /* EpisodesViewController.swift */; };
		6C4476C52C484A3700C8FD5E /* EpisodeDetailsViewController.swift in Sources */ = {isa = PBXBuildFile; fileRef = 6C4476C42C484A3700C8FD5E /* EpisodeDetailsViewController.swift */; };
		6C4476C72C484BD500C8FD5E /* TableViewCell.swift in Sources */ = {isa = PBXBuildFile; fileRef = 6C4476C62C484BD500C8FD5E /* TableViewCell.swift */; };
		6C4476CA2C484D4200C8FD5E /* NetworkManager.swift in Sources */ = {isa = PBXBuildFile; fileRef = 6C4476C92C484D4200C8FD5E /* NetworkManager.swift */; };
		6C4476CD2C4854DD00C8FD5E /* CharacterImageView.swift in Sources */ = {isa = PBXBuildFile; fileRef = 6C4476CC2C4854DD00C8FD5E /* CharacterImageView.swift */; };
		6C4476CF2C48598A00C8FD5E /* CharacterTableViewController.swift in Sources */ = {isa = PBXBuildFile; fileRef = 6C4476CE2C48598A00C8FD5E /* CharacterTableViewController.swift */; };
		6C541D002C47E278004C9838 /* AppDelegate.swift in Sources */ = {isa = PBXBuildFile; fileRef = 6C541CFF2C47E278004C9838 /* AppDelegate.swift */; };
		6C541D022C47E278004C9838 /* SceneDelegate.swift in Sources */ = {isa = PBXBuildFile; fileRef = 6C541D012C47E278004C9838 /* SceneDelegate.swift */; };
		6C541D042C47E278004C9838 /* CharacterDetailsViewController.swift in Sources */ = {isa = PBXBuildFile; fileRef = 6C541D032C47E278004C9838 /* CharacterDetailsViewController.swift */; };
		6C541D072C47E278004C9838 /* Base in Resources */ = {isa = PBXBuildFile; fileRef = 6C541D062C47E278004C9838 /* Base */; };
		6C541D092C47E279004C9838 /* Assets.xcassets in Resources */ = {isa = PBXBuildFile; fileRef = 6C541D082C47E279004C9838 /* Assets.xcassets */; };
		6C541D0C2C47E279004C9838 /* Base in Resources */ = {isa = PBXBuildFile; fileRef = 6C541D0B2C47E279004C9838 /* Base */; };
		6C541D182C47E368004C9838 /* RickAndMorty.swift in Sources */ = {isa = PBXBuildFile; fileRef = 6C541D172C47E368004C9838 /* RickAndMorty.swift */; };
/* End PBXBuildFile section */

/* Begin PBXFileReference section */
		6C4476C22C484A0500C8FD5E /* EpisodesViewController.swift */ = {isa = PBXFileReference; lastKnownFileType = sourcecode.swift; path = EpisodesViewController.swift; sourceTree = "<group>"; };
		6C4476C42C484A3700C8FD5E /* EpisodeDetailsViewController.swift */ = {isa = PBXFileReference; lastKnownFileType = sourcecode.swift; path = EpisodeDetailsViewController.swift; sourceTree = "<group>"; };
		6C4476C62C484BD500C8FD5E /* TableViewCell.swift */ = {isa = PBXFileReference; lastKnownFileType = sourcecode.swift; path = TableViewCell.swift; sourceTree = "<group>"; };
		6C4476C92C484D4200C8FD5E /* NetworkManager.swift */ = {isa = PBXFileReference; lastKnownFileType = sourcecode.swift; path = NetworkManager.swift; sourceTree = "<group>"; };
		6C4476CC2C4854DD00C8FD5E /* CharacterImageView.swift */ = {isa = PBXFileReference; lastKnownFileType = sourcecode.swift; path = CharacterImageView.swift; sourceTree = "<group>"; };
		6C4476CE2C48598A00C8FD5E /* CharacterTableViewController.swift */ = {isa = PBXFileReference; lastKnownFileType = sourcecode.swift; path = CharacterTableViewController.swift; sourceTree = "<group>"; };
		6C541CFC2C47E278004C9838 /* ParsJSON.app */ = {isa = PBXFileReference; explicitFileType = wrapper.application; includeInIndex = 0; path = ParsJSON.app; sourceTree = BUILT_PRODUCTS_DIR; };
		6C541CFF2C47E278004C9838 /* AppDelegate.swift */ = {isa = PBXFileReference; lastKnownFileType = sourcecode.swift; path = AppDelegate.swift; sourceTree = "<group>"; };
		6C541D012C47E278004C9838 /* SceneDelegate.swift */ = {isa = PBXFileReference; lastKnownFileType = sourcecode.swift; path = SceneDelegate.swift; sourceTree = "<group>"; };
		6C541D032C47E278004C9838 /* CharacterDetailsViewController.swift */ = {isa = PBXFileReference; lastKnownFileType = sourcecode.swift; path = CharacterDetailsViewController.swift; sourceTree = "<group>"; };
		6C541D062C47E278004C9838 /* Base */ = {isa = PBXFileReference; lastKnownFileType = file.storyboard; name = Base; path = Base.lproj/Main.storyboard; sourceTree = "<group>"; };
		6C541D082C47E279004C9838 /* Assets.xcassets */ = {isa = PBXFileReference; lastKnownFileType = folder.assetcatalog; path = Assets.xcassets; sourceTree = "<group>"; };
		6C541D0B2C47E279004C9838 /* Base */ = {isa = PBXFileReference; lastKnownFileType = file.storyboard; name = Base; path = Base.lproj/LaunchScreen.storyboard; sourceTree = "<group>"; };
		6C541D0D2C47E279004C9838 /* Info.plist */ = {isa = PBXFileReference; lastKnownFileType = text.plist.xml; path = Info.plist; sourceTree = "<group>"; };
		6C541D172C47E368004C9838 /* RickAndMorty.swift */ = {isa = PBXFileReference; lastKnownFileType = sourcecode.swift; path = RickAndMorty.swift; sourceTree = "<group>"; };
/* End PBXFileReference section */

/* Begin PBXFrameworksBuildPhase section */
		6C541CF92C47E278004C9838 /* Frameworks */ = {
			isa = PBXFrameworksBuildPhase;
			buildActionMask = 2147483647;
			files = (
			);
			runOnlyForDeploymentPostprocessing = 0;
		};
/* End PBXFrameworksBuildPhase section */

/* Begin PBXGroup section */
		6C4476C82C484BE300C8FD5E /* Views */ = {
			isa = PBXGroup;
			children = (
				6C4476C62C484BD500C8FD5E /* TableViewCell.swift */,
				6C4476CC2C4854DD00C8FD5E /* CharacterImageView.swift */,
			);
			path = Views;
			sourceTree = "<group>";
		};
		6C4476CB2C484D4F00C8FD5E /* Service */ = {
			isa = PBXGroup;
			children = (
				6C4476C92C484D4200C8FD5E /* NetworkManager.swift */,
			);
			path = Service;
			sourceTree = "<group>";
		};
		6C541CF32C47E278004C9838 = {
			isa = PBXGroup;
			children = (
				6C541CFE2C47E278004C9838 /* ParsJSON */,
				6C541CFD2C47E278004C9838 /* Products */,
			);
			sourceTree = "<group>";
		};
		6C541CFD2C47E278004C9838 /* Products */ = {
			isa = PBXGroup;
			children = (
				6C541CFC2C47E278004C9838 /* ParsJSON.app */,
			);
			name = Products;
			sourceTree = "<group>";
		};
		6C541CFE2C47E278004C9838 /* ParsJSON */ = {
			isa = PBXGroup;
			children = (
				6C541D162C47E343004C9838 /* ViewControllers */,
				6C4476CB2C484D4F00C8FD5E /* Service */,
				6C541D192C47EB49004C9838 /* Model */,
				6C541D132C47E2B7004C9838 /* SupportingFiles */,
				6C541D142C47E2E8004C9838 /* Source */,
				6C4476C82C484BE300C8FD5E /* Views */,
				6C541D152C47E30C004C9838 /* StoryBoards */,
			);
			path = ParsJSON;
			sourceTree = "<group>";
		};
		6C541D132C47E2B7004C9838 /* SupportingFiles */ = {
			isa = PBXGroup;
			children = (
				6C541CFF2C47E278004C9838 /* AppDelegate.swift */,
				6C541D0D2C47E279004C9838 /* Info.plist */,
				6C541D012C47E278004C9838 /* SceneDelegate.swift */,
			);
			path = SupportingFiles;
			sourceTree = "<group>";
		};
		6C541D142C47E2E8004C9838 /* Source */ = {
			isa = PBXGroup;
			children = (
				6C541D082C47E279004C9838 /* Assets.xcassets */,
			);
			name = Source;
			sourceTree = "<group>";
		};
		6C541D152C47E30C004C9838 /* StoryBoards */ = {
			isa = PBXGroup;
			children = (
				6C541D052C47E278004C9838 /* Main.storyboard */,
				6C541D0A2C47E279004C9838 /* LaunchScreen.storyboard */,
			);
			path = StoryBoards;
			sourceTree = "<group>";
		};
		6C541D162C47E343004C9838 /* ViewControllers */ = {
			isa = PBXGroup;
			children = (
				6C541D032C47E278004C9838 /* CharacterDetailsViewController.swift */,
				6C4476C22C484A0500C8FD5E /* EpisodesViewController.swift */,
				6C4476C42C484A3700C8FD5E /* EpisodeDetailsViewController.swift */,
				6C4476CE2C48598A00C8FD5E /* CharacterTableViewController.swift */,
			);
			path = ViewControllers;
			sourceTree = "<group>";
		};
		6C541D192C47EB49004C9838 /* Model */ = {
			isa = PBXGroup;
			children = (
				6C541D172C47E368004C9838 /* RickAndMorty.swift */,
			);
			path = Model;
			sourceTree = "<group>";
		};
/* End PBXGroup section */

/* Begin PBXNativeTarget section */
		6C541CFB2C47E278004C9838 /* ParsJSON */ = {
			isa = PBXNativeTarget;
			buildConfigurationList = 6C541D102C47E279004C9838 /* Build configuration list for PBXNativeTarget "ParsJSON" */;
			buildPhases = (
				6C541CF82C47E278004C9838 /* Sources */,
				6C541CF92C47E278004C9838 /* Frameworks */,
				6C541CFA2C47E278004C9838 /* Resources */,
			);
			buildRules = (
			);
			dependencies = (
			);
			name = ParsJSON;
			productName = ParsJSON;
			productReference = 6C541CFC2C47E278004C9838 /* ParsJSON.app */;
			productType = "com.apple.product-type.application";
		};
/* End PBXNativeTarget section */

/* Begin PBXProject section */
		6C541CF42C47E278004C9838 /* Project object */ = {
			isa = PBXProject;
			attributes = {
				BuildIndependentTargetsInParallel = 1;
				LastSwiftUpdateCheck = 1540;
				LastUpgradeCheck = 1540;
				TargetAttributes = {
					6C541CFB2C47E278004C9838 = {
						CreatedOnToolsVersion = 15.4;
					};
				};
			};
			buildConfigurationList = 6C541CF72C47E278004C9838 /* Build configuration list for PBXProject "ParsJSON" */;
			compatibilityVersion = "Xcode 14.0";
			developmentRegion = en;
			hasScannedForEncodings = 0;
			knownRegions = (
				en,
				Base,
			);
			mainGroup = 6C541CF32C47E278004C9838;
			productRefGroup = 6C541CFD2C47E278004C9838 /* Products */;
			projectDirPath = "";
			projectRoot = "";
			targets = (
				6C541CFB2C47E278004C9838 /* ParsJSON */,
			);
		};
/* End PBXProject section */

/* Begin PBXResourcesBuildPhase section */
		6C541CFA2C47E278004C9838 /* Resources */ = {
			isa = PBXResourcesBuildPhase;
			buildActionMask = 2147483647;
			files = (
				6C541D092C47E279004C9838 /* Assets.xcassets in Resources */,
				6C541D0C2C47E279004C9838 /* Base in Resources */,
				6C541D072C47E278004C9838 /* Base in Resources */,
			);
			runOnlyForDeploymentPostprocessing = 0;
		};
/* End PBXResourcesBuildPhase section */

/* Begin PBXSourcesBuildPhase section */
		6C541CF82C47E278004C9838 /* Sources */ = {
			isa = PBXSourcesBuildPhase;
			buildActionMask = 2147483647;
			files = (
				6C4476CA2C484D4200C8FD5E /* NetworkManager.swift in Sources */,
				6C4476CF2C48598A00C8FD5E /* CharacterTableViewController.swift in Sources */,
				6C4476C32C484A0500C8FD5E /* EpisodesViewController.swift in Sources */,
				6C4476C72C484BD500C8FD5E /* TableViewCell.swift in Sources */,
				6C541D182C47E368004C9838 /* RickAndMorty.swift in Sources */,
				6C541D042C47E278004C9838 /* CharacterDetailsViewController.swift in Sources */,
				6C4476CD2C4854DD00C8FD5E /* CharacterImageView.swift in Sources */,
				6C4476C52C484A3700C8FD5E /* EpisodeDetailsViewController.swift in Sources */,
				6C541D002C47E278004C9838 /* AppDelegate.swift in Sources */,
				6C541D022C47E278004C9838 /* SceneDelegate.swift in Sources */,
			);
			runOnlyForDeploymentPostprocessing = 0;
		};
/* End PBXSourcesBuildPhase section */

/* Begin PBXVariantGroup section */
		6C541D052C47E278004C9838 /* Main.storyboard */ = {
			isa = PBXVariantGroup;
			children = (
				6C541D062C47E278004C9838 /* Base */,
			);
			name = Main.storyboard;
			sourceTree = "<group>";
		};
		6C541D0A2C47E279004C9838 /* LaunchScreen.storyboard */ = {
			isa = PBXVariantGroup;
			children = (
				6C541D0B2C47E279004C9838 /* Base */,
			);
			name = LaunchScreen.storyboard;
			sourceTree = "<group>";
		};
/* End PBXVariantGroup section */

/* Begin XCBuildConfiguration section */
		6C541D0E2C47E279004C9838 /* Debug */ = {
			isa = XCBuildConfiguration;
			buildSettings = {
				ALWAYS_SEARCH_USER_PATHS = NO;
				ASSETCATALOG_COMPILER_GENERATE_SWIFT_ASSET_SYMBOL_EXTENSIONS = YES;
				CLANG_ANALYZER_NONNULL = YES;
				CLANG_ANALYZER_NUMBER_OBJECT_CONVERSION = YES_AGGRESSIVE;
				CLANG_CXX_LANGUAGE_STANDARD = "gnu++20";
				CLANG_ENABLE_MODULES = YES;
				CLANG_ENABLE_OBJC_ARC = YES;
				CLANG_ENABLE_OBJC_WEAK = YES;
				CLANG_WARN_BLOCK_CAPTURE_AUTORELEASING = YES;
				CLANG_WARN_BOOL_CONVERSION = YES;
				CLANG_WARN_COMMA = YES;
				CLANG_WARN_CONSTANT_CONVERSION = YES;
				CLANG_WARN_DEPRECATED_OBJC_IMPLEMENTATIONS = YES;
				CLANG_WARN_DIRECT_OBJC_ISA_USAGE = YES_ERROR;
				CLANG_WARN_DOCUMENTATION_COMMENTS = YES;
				CLANG_WARN_EMPTY_BODY = YES;
				CLANG_WARN_ENUM_CONVERSION = YES;
				CLANG_WARN_INFINITE_RECURSION = YES;
				CLANG_WARN_INT_CONVERSION = YES;
				CLANG_WARN_NON_LITERAL_NULL_CONVERSION = YES;
				CLANG_WARN_OBJC_IMPLICIT_RETAIN_SELF = YES;
				CLANG_WARN_OBJC_LITERAL_CONVERSION = YES;
				CLANG_WARN_OBJC_ROOT_CLASS = YES_ERROR;
				CLANG_WARN_QUOTED_INCLUDE_IN_FRAMEWORK_HEADER = YES;
				CLANG_WARN_RANGE_LOOP_ANALYSIS = YES;
				CLANG_WARN_STRICT_PROTOTYPES = YES;
				CLANG_WARN_SUSPICIOUS_MOVE = YES;
				CLANG_WARN_UNGUARDED_AVAILABILITY = YES_AGGRESSIVE;
				CLANG_WARN_UNREACHABLE_CODE = YES;
				CLANG_WARN__DUPLICATE_METHOD_MATCH = YES;
				COPY_PHASE_STRIP = NO;
				DEBUG_INFORMATION_FORMAT = dwarf;
				ENABLE_STRICT_OBJC_MSGSEND = YES;
				ENABLE_TESTABILITY = YES;
				ENABLE_USER_SCRIPT_SANDBOXING = YES;
				GCC_C_LANGUAGE_STANDARD = gnu17;
				GCC_DYNAMIC_NO_PIC = NO;
				GCC_NO_COMMON_BLOCKS = YES;
				GCC_OPTIMIZATION_LEVEL = 0;
				GCC_PREPROCESSOR_DEFINITIONS = (
					"DEBUG=1",
					"$(inherited)",
				);
				GCC_WARN_64_TO_32_BIT_CONVERSION = YES;
				GCC_WARN_ABOUT_RETURN_TYPE = YES_ERROR;
				GCC_WARN_UNDECLARED_SELECTOR = YES;
				GCC_WARN_UNINITIALIZED_AUTOS = YES_AGGRESSIVE;
				GCC_WARN_UNUSED_FUNCTION = YES;
				GCC_WARN_UNUSED_VARIABLE = YES;
				IPHONEOS_DEPLOYMENT_TARGET = 17.5;
				LOCALIZATION_PREFERS_STRING_CATALOGS = YES;
				MTL_ENABLE_DEBUG_INFO = INCLUDE_SOURCE;
				MTL_FAST_MATH = YES;
				ONLY_ACTIVE_ARCH = YES;
				SDKROOT = iphoneos;
				SWIFT_ACTIVE_COMPILATION_CONDITIONS = "DEBUG $(inherited)";
				SWIFT_OPTIMIZATION_LEVEL = "-Onone";
			};
			name = Debug;
		};
		6C541D0F2C47E279004C9838 /* Release */ = {
			isa = XCBuildConfiguration;
			buildSettings = {
				ALWAYS_SEARCH_USER_PATHS = NO;
				ASSETCATALOG_COMPILER_GENERATE_SWIFT_ASSET_SYMBOL_EXTENSIONS = YES;
				CLANG_ANALYZER_NONNULL = YES;
				CLANG_ANALYZER_NUMBER_OBJECT_CONVERSION = YES_AGGRESSIVE;
				CLANG_CXX_LANGUAGE_STANDARD = "gnu++20";
				CLANG_ENABLE_MODULES = YES;
				CLANG_ENABLE_OBJC_ARC = YES;
				CLANG_ENABLE_OBJC_WEAK = YES;
				CLANG_WARN_BLOCK_CAPTURE_AUTORELEASING = YES;
				CLANG_WARN_BOOL_CONVERSION = YES;
				CLANG_WARN_COMMA = YES;
				CLANG_WARN_CONSTANT_CONVERSION = YES;
				CLANG_WARN_DEPRECATED_OBJC_IMPLEMENTATIONS = YES;
				CLANG_WARN_DIRECT_OBJC_ISA_USAGE = YES_ERROR;
				CLANG_WARN_DOCUMENTATION_COMMENTS = YES;
				CLANG_WARN_EMPTY_BODY = YES;
				CLANG_WARN_ENUM_CONVERSION = YES;
				CLANG_WARN_INFINITE_RECURSION = YES;
				CLANG_WARN_INT_CONVERSION = YES;
				CLANG_WARN_NON_LITERAL_NULL_CONVERSION = YES;
				CLANG_WARN_OBJC_IMPLICIT_RETAIN_SELF = YES;
				CLANG_WARN_OBJC_LITERAL_CONVERSION = YES;
				CLANG_WARN_OBJC_ROOT_CLASS = YES_ERROR;
				CLANG_WARN_QUOTED_INCLUDE_IN_FRAMEWORK_HEADER = YES;
				CLANG_WARN_RANGE_LOOP_ANALYSIS = YES;
				CLANG_WARN_STRICT_PROTOTYPES = YES;
				CLANG_WARN_SUSPICIOUS_MOVE = YES;
				CLANG_WARN_UNGUARDED_AVAILABILITY = YES_AGGRESSIVE;
				CLANG_WARN_UNREACHABLE_CODE = YES;
				CLANG_WARN__DUPLICATE_METHOD_MATCH = YES;
				COPY_PHASE_STRIP = NO;
				DEBUG_INFORMATION_FORMAT = "dwarf-with-dsym";
				ENABLE_NS_ASSERTIONS = NO;
				ENABLE_STRICT_OBJC_MSGSEND = YES;
				ENABLE_USER_SCRIPT_SANDBOXING = YES;
				GCC_C_LANGUAGE_STANDARD = gnu17;
				GCC_NO_COMMON_BLOCKS = YES;
				GCC_WARN_64_TO_32_BIT_CONVERSION = YES;
				GCC_WARN_ABOUT_RETURN_TYPE = YES_ERROR;
				GCC_WARN_UNDECLARED_SELECTOR = YES;
				GCC_WARN_UNINITIALIZED_AUTOS = YES_AGGRESSIVE;
				GCC_WARN_UNUSED_FUNCTION = YES;
				GCC_WARN_UNUSED_VARIABLE = YES;
				IPHONEOS_DEPLOYMENT_TARGET = 17.5;
				LOCALIZATION_PREFERS_STRING_CATALOGS = YES;
				MTL_ENABLE_DEBUG_INFO = NO;
				MTL_FAST_MATH = YES;
				SDKROOT = iphoneos;
				SWIFT_COMPILATION_MODE = wholemodule;
				VALIDATE_PRODUCT = YES;
			};
			name = Release;
		};
		6C541D112C47E279004C9838 /* Debug */ = {
			isa = XCBuildConfiguration;
			buildSettings = {
				ASSETCATALOG_COMPILER_APPICON_NAME = AppIcon;
				ASSETCATALOG_COMPILER_GLOBAL_ACCENT_COLOR_NAME = AccentColor;
				CODE_SIGN_STYLE = Automatic;
				CURRENT_PROJECT_VERSION = 1;
				DEVELOPMENT_TEAM = D3BJGB736B;
				GENERATE_INFOPLIST_FILE = YES;
				INFOPLIST_FILE = ParsJSON/SupportingFiles/Info.plist;
				INFOPLIST_KEY_UIApplicationSupportsIndirectInputEvents = YES;
				INFOPLIST_KEY_UILaunchStoryboardName = LaunchScreen;
				INFOPLIST_KEY_UIMainStoryboardFile = Main;
				INFOPLIST_KEY_UISupportedInterfaceOrientations_iPad = "UIInterfaceOrientationPortrait UIInterfaceOrientationPortraitUpsideDown UIInterfaceOrientationLandscapeLeft UIInterfaceOrientationLandscapeRight";
				INFOPLIST_KEY_UISupportedInterfaceOrientations_iPhone = "UIInterfaceOrientationPortrait UIInterfaceOrientationLandscapeLeft UIInterfaceOrientationLandscapeRight";
				LD_RUNPATH_SEARCH_PATHS = (
					"$(inherited)",
					"@executable_path/Frameworks",
				);
				MARKETING_VERSION = 1.0;
				PRODUCT_BUNDLE_IDENTIFIER = Swiftbook.ParsJSON;
				PRODUCT_NAME = "$(TARGET_NAME)";
				SUPPORTED_PLATFORMS = "iphoneos iphonesimulator";
				SUPPORTS_MACCATALYST = NO;
				SUPPORTS_MAC_DESIGNED_FOR_IPHONE_IPAD = NO;
				SUPPORTS_XR_DESIGNED_FOR_IPHONE_IPAD = NO;
				SWIFT_EMIT_LOC_STRINGS = YES;
				SWIFT_VERSION = 5.0;
				TARGETED_DEVICE_FAMILY = 1;
			};
			name = Debug;
		};
		6C541D122C47E279004C9838 /* Release */ = {
			isa = XCBuildConfiguration;
			buildSettings = {
				ASSETCATALOG_COMPILER_APPICON_NAME = AppIcon;
				ASSETCATALOG_COMPILER_GLOBAL_ACCENT_COLOR_NAME = AccentColor;
				CODE_SIGN_STYLE = Automatic;
				CURRENT_PROJECT_VERSION = 1;
				DEVELOPMENT_TEAM = D3BJGB736B;
				GENERATE_INFOPLIST_FILE = YES;
				INFOPLIST_FILE = ParsJSON/SupportingFiles/Info.plist;
				INFOPLIST_KEY_UIApplicationSupportsIndirectInputEvents = YES;
				INFOPLIST_KEY_UILaunchStoryboardName = LaunchScreen;
				INFOPLIST_KEY_UIMainStoryboardFile = Main;
				INFOPLIST_KEY_UISupportedInterfaceOrientations_iPad = "UIInterfaceOrientationPortrait UIInterfaceOrientationPortraitUpsideDown UIInterfaceOrientationLandscapeLeft UIInterfaceOrientationLandscapeRight";
				INFOPLIST_KEY_UISupportedInterfaceOrientations_iPhone = "UIInterfaceOrientationPortrait UIInterfaceOrientationLandscapeLeft UIInterfaceOrientationLandscapeRight";
				LD_RUNPATH_SEARCH_PATHS = (
					"$(inherited)",
					"@executable_path/Frameworks",
				);
				MARKETING_VERSION = 1.0;
				PRODUCT_BUNDLE_IDENTIFIER = Swiftbook.ParsJSON;
				PRODUCT_NAME = "$(TARGET_NAME)";
				SUPPORTED_PLATFORMS = "iphoneos iphonesimulator";
				SUPPORTS_MACCATALYST = NO;
				SUPPORTS_MAC_DESIGNED_FOR_IPHONE_IPAD = NO;
				SUPPORTS_XR_DESIGNED_FOR_IPHONE_IPAD = NO;
				SWIFT_EMIT_LOC_STRINGS = YES;
				SWIFT_VERSION = 5.0;
				TARGETED_DEVICE_FAMILY = 1;
			};
			name = Release;
		};
/* End XCBuildConfiguration section */

/* Begin XCConfigurationList section */
		6C541CF72C47E278004C9838 /* Build configuration list for PBXProject "ParsJSON" */ = {
			isa = XCConfigurationList;
			buildConfigurations = (
				6C541D0E2C47E279004C9838 /* Debug */,
				6C541D0F2C47E279004C9838 /* Release */,
			);
			defaultConfigurationIsVisible = 0;
			defaultConfigurationName = Release;
		};
		6C541D102C47E279004C9838 /* Build configuration list for PBXNativeTarget "ParsJSON" */ = {
			isa = XCConfigurationList;
			buildConfigurations = (
				6C541D112C47E279004C9838 /* Debug */,
				6C541D122C47E279004C9838 /* Release */,
			);
			defaultConfigurationIsVisible = 0;
			defaultConfigurationName = Release;
		};
/* End XCConfigurationList section */
	};
	rootObject = 6C541CF42C47E278004C9838 /* Project object */;
}
